
Microsoft Visual Studio Solution File, Format Version 12.00
# Visual Studio 15
VisualStudioVersion = 15.0.26430.16
MinimumVisualStudioVersion = 10.0.40219.1
Project("{FAE04EC0-301F-11D3-BF4B-00C04F79EFBC}") = "Hivemind", "Hivemind\Hivemind.csproj", "{554F039D-B3F3-4B3F-A488-CCE27A672D04}"
EndProject
Project("{FAE04EC0-301F-11D3-BF4B-00C04F79EFBC}") = "Hivemind.Tests", "Hivemind.Tests\Hivemind.Tests.csproj", "{FAC98301-5B76-44B6-836A-C4CC3F2E71D8}"
EndProject
Global
	GlobalSection(SolutionConfigurationPlatforms) = preSolution
		Debug|Any CPU = Debug|Any CPU
		Release|Any CPU = Release|Any CPU
	EndGlobalSection
	GlobalSection(ProjectConfigurationPlatforms) = postSolution
		{554F039D-B3F3-4B3F-A488-CCE27A672D04}.Debug|Any CPU.ActiveCfg = Debug|Any CPU
		{554F039D-B3F3-4B3F-A488-CCE27A672D04}.Debug|Any CPU.Build.0 = Debug|Any CPU
		{554F039D-B3F3-4B3F-A488-CCE27A672D04}.Release|Any CPU.ActiveCfg = Release|Any CPU
		{554F039D-B3F3-4B3F-A488-CCE27A672D04}.Release|Any CPU.Build.0 = Release|Any CPU
		{FAC98301-5B76-44B6-836A-C4CC3F2E71D8}.Debug|Any CPU.ActiveCfg = Debug|Any CPU
		{FAC98301-5B76-44B6-836A-C4CC3F2E71D8}.Debug|Any CPU.Build.0 = Debug|Any CPU
		{FAC98301-5B76-44B6-836A-C4CC3F2E71D8}.Release|Any CPU.ActiveCfg = Release|Any CPU
		{FAC98301-5B76-44B6-836A-C4CC3F2E71D8}.Release|Any CPU.Build.0 = Release|Any CPU
	EndGlobalSection
	GlobalSection(SolutionProperties) = preSolution
		HideSolutionNode = FALSE
	EndGlobalSection
EndGlobal
